// !$*UTF8*$!
{
	archiveVersion = 1;
	classes = {
	};
	objectVersion = 50;
	objects = {

/* Begin PBXBuildFile section */
		301365F925DBD60C00E8C0B4 /* TopList.storyboard in Resources */ = {isa = PBXBuildFile; fileRef = 301365EA25DBD60B00E8C0B4 /* TopList.storyboard */; };
		301365FA25DBD60C00E8C0B4 /* TopList.Router.swift in Sources */ = {isa = PBXBuildFile; fileRef = 301365EC25DBD60B00E8C0B4 /* TopList.Router.swift */; };
		301365FB25DBD60C00E8C0B4 /* TopList.Presenter.swift in Sources */ = {isa = PBXBuildFile; fileRef = 301365EE25DBD60B00E8C0B4 /* TopList.Presenter.swift */; };
		301365FC25DBD60C00E8C0B4 /* TopList.Interactor.swift in Sources */ = {isa = PBXBuildFile; fileRef = 301365F025DBD60C00E8C0B4 /* TopList.Interactor.swift */; };
		301365FD25DBD60C00E8C0B4 /* TopList.Module.swift in Sources */ = {isa = PBXBuildFile; fileRef = 301365F225DBD60C00E8C0B4 /* TopList.Module.swift */; };
		301365FE25DBD60C00E8C0B4 /* TopListView.swift in Sources */ = {isa = PBXBuildFile; fileRef = 301365F425DBD60C00E8C0B4 /* TopListView.swift */; };
		301365FF25DBD60C00E8C0B4 /* TopListViewController.swift in Sources */ = {isa = PBXBuildFile; fileRef = 301365F525DBD60C00E8C0B4 /* TopListViewController.swift */; };
		3013660025DBD60C00E8C0B4 /* TopList.Entity.swift in Sources */ = {isa = PBXBuildFile; fileRef = 301365F725DBD60C00E8C0B4 /* TopList.Entity.swift */; };
		3013660125DBD60C00E8C0B4 /* TopList.API.swift in Sources */ = {isa = PBXBuildFile; fileRef = 301365F825DBD60C00E8C0B4 /* TopList.API.swift */; };
		3013660A25DBD94D00E8C0B4 /* TopListCell.swift in Sources */ = {isa = PBXBuildFile; fileRef = 3013660925DBD94D00E8C0B4 /* TopListCell.swift */; };
		3013660F25DBD99500E8C0B4 /* DataView.swift in Sources */ = {isa = PBXBuildFile; fileRef = 3013660E25DBD99500E8C0B4 /* DataView.swift */; };
		3013661925DBE41700E8C0B4 /* HTTPURLResponseWithMimeType.swift in Sources */ = {isa = PBXBuildFile; fileRef = 3013661825DBE41700E8C0B4 /* HTTPURLResponseWithMimeType.swift */; };
		3013661E25DBE43500E8C0B4 /* StringWithMimeType.swift in Sources */ = {isa = PBXBuildFile; fileRef = 3013661D25DBE43500E8C0B4 /* StringWithMimeType.swift */; };
		3013662425DBEDB400E8C0B4 /* API.swift in Sources */ = {isa = PBXBuildFile; fileRef = 3013662325DBEDB400E8C0B4 /* API.swift */; };
		3013662925DBEF3000E8C0B4 /* API.Parameter.swift in Sources */ = {isa = PBXBuildFile; fileRef = 3013662825DBEF3000E8C0B4 /* API.Parameter.swift */; };
		302908C425E2B6C600CCA456 /* ViewWithReloadTable.swift in Sources */ = {isa = PBXBuildFile; fileRef = 302908C325E2B6C600CCA456 /* ViewWithReloadTable.swift */; };
		302908CC25E2BABD00CCA456 /* ViewWithRefreshLoader.swift in Sources */ = {isa = PBXBuildFile; fileRef = 302908CB25E2BABD00CCA456 /* ViewWithRefreshLoader.swift */; };
		30BC1E3225DED84B00E578D7 /* URLComponents.swift in Sources */ = {isa = PBXBuildFile; fileRef = 30BC1E3125DED84B00E578D7 /* URLComponents.swift */; };
		30BC1E3D25DEE1F300E578D7 /* RequestDataProvider.swift in Sources */ = {isa = PBXBuildFile; fileRef = 30BC1E3C25DEE1F300E578D7 /* RequestDataProvider.swift */; };
		30BC1E4225DEE24200E578D7 /* HTTP.swift in Sources */ = {isa = PBXBuildFile; fileRef = 30BC1E4125DEE24200E578D7 /* HTTP.swift */; };
		30BC1E4C25DEEAC000E578D7 /* DecodableResponseParser.swift in Sources */ = {isa = PBXBuildFile; fileRef = 30BC1E4B25DEEAC000E578D7 /* DecodableResponseParser.swift */; };
		30BC1E5125DFE54500E578D7 /* TopList.Top.swift in Sources */ = {isa = PBXBuildFile; fileRef = 30BC1E5025DFE54500E578D7 /* TopList.Top.swift */; };
		30BC1E6225DFE98A00E578D7 /* RefreshableListInteractorOutput.swift in Sources */ = {isa = PBXBuildFile; fileRef = 30BC1E6125DFE98A00E578D7 /* RefreshableListInteractorOutput.swift */; };
		30BC1E6A25DFE9AC00E578D7 /* ListInteractor.swift in Sources */ = {isa = PBXBuildFile; fileRef = 30BC1E6925DFE9AC00E578D7 /* ListInteractor.swift */; };
		30BC1E6F25DFE9C600E578D7 /* RefreshableListInteractor.swift in Sources */ = {isa = PBXBuildFile; fileRef = 30BC1E6E25DFE9C600E578D7 /* RefreshableListInteractor.swift */; };
		30BC1E8425E02EC400E578D7 /* ViewWithErrorAlert.swift in Sources */ = {isa = PBXBuildFile; fileRef = 30BC1E8325E02EC400E578D7 /* ViewWithErrorAlert.swift */; };
		30BC1E8C25E02F1900E578D7 /* AlertControllerWithError.swift in Sources */ = {isa = PBXBuildFile; fileRef = 30BC1E8B25E02F1900E578D7 /* AlertControllerWithError.swift */; };
		30BC1E9425E02F8800E578D7 /* ApplicationWithTopController.swift in Sources */ = {isa = PBXBuildFile; fileRef = 30BC1E9325E02F8800E578D7 /* ApplicationWithTopController.swift */; };
		30C2BF3025D6DAAB0049060B /* AppDelegate.swift in Sources */ = {isa = PBXBuildFile; fileRef = 30C2BF2F25D6DAAB0049060B /* AppDelegate.swift */; };
		30C2BF3225D6DAAB0049060B /* SceneDelegate.swift in Sources */ = {isa = PBXBuildFile; fileRef = 30C2BF3125D6DAAB0049060B /* SceneDelegate.swift */; };
		30C2BF3425D6DAAB0049060B /* ViewController.swift in Sources */ = {isa = PBXBuildFile; fileRef = 30C2BF3325D6DAAB0049060B /* ViewController.swift */; };
		30C2BF3925D6DAAC0049060B /* Assets.xcassets in Resources */ = {isa = PBXBuildFile; fileRef = 30C2BF3825D6DAAC0049060B /* Assets.xcassets */; };
		30C2BF3C25D6DAAC0049060B /* LaunchScreen.storyboard in Resources */ = {isa = PBXBuildFile; fileRef = 30C2BF3A25D6DAAC0049060B /* LaunchScreen.storyboard */; };
		30C2BF4725D6DAAD0049060B /* RaketaSampleCodeTests.swift in Sources */ = {isa = PBXBuildFile; fileRef = 30C2BF4625D6DAAD0049060B /* RaketaSampleCodeTests.swift */; };
		30C2BF5225D6DAAD0049060B /* RaketaSampleCodeUITests.swift in Sources */ = {isa = PBXBuildFile; fileRef = 30C2BF5125D6DAAD0049060B /* RaketaSampleCodeUITests.swift */; };
/* End PBXBuildFile section */

/* Begin PBXContainerItemProxy section */
		30C2BF4325D6DAAD0049060B /* PBXContainerItemProxy */ = {
			isa = PBXContainerItemProxy;
			containerPortal = 30C2BF2425D6DAAB0049060B /* Project object */;
			proxyType = 1;
			remoteGlobalIDString = 30C2BF2B25D6DAAB0049060B;
			remoteInfo = RaketaSampleCode;
		};
		30C2BF4E25D6DAAD0049060B /* PBXContainerItemProxy */ = {
			isa = PBXContainerItemProxy;
			containerPortal = 30C2BF2425D6DAAB0049060B /* Project object */;
			proxyType = 1;
			remoteGlobalIDString = 30C2BF2B25D6DAAB0049060B;
			remoteInfo = RaketaSampleCode;
		};
/* End PBXContainerItemProxy section */

/* Begin PBXFileReference section */
		301365EA25DBD60B00E8C0B4 /* TopList.storyboard */ = {isa = PBXFileReference; fileEncoding = 4; lastKnownFileType = file.storyboard; path = TopList.storyboard; sourceTree = "<group>"; };
		301365EC25DBD60B00E8C0B4 /* TopList.Router.swift */ = {isa = PBXFileReference; fileEncoding = 4; lastKnownFileType = sourcecode.swift; path = TopList.Router.swift; sourceTree = "<group>"; };
		301365EE25DBD60B00E8C0B4 /* TopList.Presenter.swift */ = {isa = PBXFileReference; fileEncoding = 4; lastKnownFileType = sourcecode.swift; path = TopList.Presenter.swift; sourceTree = "<group>"; };
		301365F025DBD60C00E8C0B4 /* TopList.Interactor.swift */ = {isa = PBXFileReference; fileEncoding = 4; lastKnownFileType = sourcecode.swift; path = TopList.Interactor.swift; sourceTree = "<group>"; };
		301365F225DBD60C00E8C0B4 /* TopList.Module.swift */ = {isa = PBXFileReference; fileEncoding = 4; lastKnownFileType = sourcecode.swift; path = TopList.Module.swift; sourceTree = "<group>"; };
		301365F425DBD60C00E8C0B4 /* TopListView.swift */ = {isa = PBXFileReference; fileEncoding = 4; lastKnownFileType = sourcecode.swift; path = TopListView.swift; sourceTree = "<group>"; };
		301365F525DBD60C00E8C0B4 /* TopListViewController.swift */ = {isa = PBXFileReference; fileEncoding = 4; lastKnownFileType = sourcecode.swift; path = TopListViewController.swift; sourceTree = "<group>"; };
		301365F725DBD60C00E8C0B4 /* TopList.Entity.swift */ = {isa = PBXFileReference; fileEncoding = 4; lastKnownFileType = sourcecode.swift; path = TopList.Entity.swift; sourceTree = "<group>"; };
		301365F825DBD60C00E8C0B4 /* TopList.API.swift */ = {isa = PBXFileReference; fileEncoding = 4; lastKnownFileType = sourcecode.swift; path = TopList.API.swift; sourceTree = "<group>"; };
		3013660925DBD94D00E8C0B4 /* TopListCell.swift */ = {isa = PBXFileReference; lastKnownFileType = sourcecode.swift; path = TopListCell.swift; sourceTree = "<group>"; };
		3013660E25DBD99500E8C0B4 /* DataView.swift */ = {isa = PBXFileReference; lastKnownFileType = sourcecode.swift; path = DataView.swift; sourceTree = "<group>"; };
		3013661825DBE41700E8C0B4 /* HTTPURLResponseWithMimeType.swift */ = {isa = PBXFileReference; lastKnownFileType = sourcecode.swift; path = HTTPURLResponseWithMimeType.swift; sourceTree = "<group>"; };
		3013661D25DBE43500E8C0B4 /* StringWithMimeType.swift */ = {isa = PBXFileReference; lastKnownFileType = sourcecode.swift; path = StringWithMimeType.swift; sourceTree = "<group>"; };
		3013662325DBEDB400E8C0B4 /* API.swift */ = {isa = PBXFileReference; lastKnownFileType = sourcecode.swift; path = API.swift; sourceTree = "<group>"; };
		3013662825DBEF3000E8C0B4 /* API.Parameter.swift */ = {isa = PBXFileReference; lastKnownFileType = sourcecode.swift; path = API.Parameter.swift; sourceTree = "<group>"; };
		302908C325E2B6C600CCA456 /* ViewWithReloadTable.swift */ = {isa = PBXFileReference; lastKnownFileType = sourcecode.swift; path = ViewWithReloadTable.swift; sourceTree = "<group>"; };
		302908CB25E2BABD00CCA456 /* ViewWithRefreshLoader.swift */ = {isa = PBXFileReference; lastKnownFileType = sourcecode.swift; path = ViewWithRefreshLoader.swift; sourceTree = "<group>"; };
		30BC1E3125DED84B00E578D7 /* URLComponents.swift */ = {isa = PBXFileReference; lastKnownFileType = sourcecode.swift; path = URLComponents.swift; sourceTree = "<group>"; };
		30BC1E3C25DEE1F300E578D7 /* RequestDataProvider.swift */ = {isa = PBXFileReference; lastKnownFileType = sourcecode.swift; path = RequestDataProvider.swift; sourceTree = "<group>"; };
		30BC1E4125DEE24200E578D7 /* HTTP.swift */ = {isa = PBXFileReference; lastKnownFileType = sourcecode.swift; path = HTTP.swift; sourceTree = "<group>"; };
		30BC1E4B25DEEAC000E578D7 /* DecodableResponseParser.swift */ = {isa = PBXFileReference; lastKnownFileType = sourcecode.swift; path = DecodableResponseParser.swift; sourceTree = "<group>"; };
		30BC1E5025DFE54500E578D7 /* TopList.Top.swift */ = {isa = PBXFileReference; lastKnownFileType = sourcecode.swift; path = TopList.Top.swift; sourceTree = "<group>"; };
		30BC1E6125DFE98A00E578D7 /* RefreshableListInteractorOutput.swift */ = {isa = PBXFileReference; lastKnownFileType = sourcecode.swift; path = RefreshableListInteractorOutput.swift; sourceTree = "<group>"; };
		30BC1E6925DFE9AC00E578D7 /* ListInteractor.swift */ = {isa = PBXFileReference; lastKnownFileType = sourcecode.swift; path = ListInteractor.swift; sourceTree = "<group>"; };
		30BC1E6E25DFE9C600E578D7 /* RefreshableListInteractor.swift */ = {isa = PBXFileReference; lastKnownFileType = sourcecode.swift; path = RefreshableListInteractor.swift; sourceTree = "<group>"; };
		30BC1E8325E02EC400E578D7 /* ViewWithErrorAlert.swift */ = {isa = PBXFileReference; lastKnownFileType = sourcecode.swift; path = ViewWithErrorAlert.swift; sourceTree = "<group>"; };
		30BC1E8B25E02F1900E578D7 /* AlertControllerWithError.swift */ = {isa = PBXFileReference; lastKnownFileType = sourcecode.swift; path = AlertControllerWithError.swift; sourceTree = "<group>"; };
		30BC1E9325E02F8800E578D7 /* ApplicationWithTopController.swift */ = {isa = PBXFileReference; lastKnownFileType = sourcecode.swift; path = ApplicationWithTopController.swift; sourceTree = "<group>"; };
		30C2BF2C25D6DAAB0049060B /* RaketaSampleCode.app */ = {isa = PBXFileReference; explicitFileType = wrapper.application; includeInIndex = 0; path = RaketaSampleCode.app; sourceTree = BUILT_PRODUCTS_DIR; };
		30C2BF2F25D6DAAB0049060B /* AppDelegate.swift */ = {isa = PBXFileReference; lastKnownFileType = sourcecode.swift; path = AppDelegate.swift; sourceTree = "<group>"; };
		30C2BF3125D6DAAB0049060B /* SceneDelegate.swift */ = {isa = PBXFileReference; lastKnownFileType = sourcecode.swift; path = SceneDelegate.swift; sourceTree = "<group>"; };
		30C2BF3325D6DAAB0049060B /* ViewController.swift */ = {isa = PBXFileReference; lastKnownFileType = sourcecode.swift; path = ViewController.swift; sourceTree = "<group>"; };
		30C2BF3825D6DAAC0049060B /* Assets.xcassets */ = {isa = PBXFileReference; lastKnownFileType = folder.assetcatalog; path = Assets.xcassets; sourceTree = "<group>"; };
		30C2BF3B25D6DAAC0049060B /* Base */ = {isa = PBXFileReference; lastKnownFileType = file.storyboard; name = Base; path = Base.lproj/LaunchScreen.storyboard; sourceTree = "<group>"; };
		30C2BF3D25D6DAAC0049060B /* Info.plist */ = {isa = PBXFileReference; lastKnownFileType = text.plist.xml; path = Info.plist; sourceTree = "<group>"; };
		30C2BF4225D6DAAD0049060B /* RaketaSampleCodeTests.xctest */ = {isa = PBXFileReference; explicitFileType = wrapper.cfbundle; includeInIndex = 0; path = RaketaSampleCodeTests.xctest; sourceTree = BUILT_PRODUCTS_DIR; };
		30C2BF4625D6DAAD0049060B /* RaketaSampleCodeTests.swift */ = {isa = PBXFileReference; lastKnownFileType = sourcecode.swift; path = RaketaSampleCodeTests.swift; sourceTree = "<group>"; };
		30C2BF4825D6DAAD0049060B /* Info.plist */ = {isa = PBXFileReference; lastKnownFileType = text.plist.xml; path = Info.plist; sourceTree = "<group>"; };
		30C2BF4D25D6DAAD0049060B /* RaketaSampleCodeUITests.xctest */ = {isa = PBXFileReference; explicitFileType = wrapper.cfbundle; includeInIndex = 0; path = RaketaSampleCodeUITests.xctest; sourceTree = BUILT_PRODUCTS_DIR; };
		30C2BF5125D6DAAD0049060B /* RaketaSampleCodeUITests.swift */ = {isa = PBXFileReference; lastKnownFileType = sourcecode.swift; path = RaketaSampleCodeUITests.swift; sourceTree = "<group>"; };
		30C2BF5325D6DAAD0049060B /* Info.plist */ = {isa = PBXFileReference; lastKnownFileType = text.plist.xml; path = Info.plist; sourceTree = "<group>"; };
/* End PBXFileReference section */

/* Begin PBXFrameworksBuildPhase section */
		30C2BF2925D6DAAB0049060B /* Frameworks */ = {
			isa = PBXFrameworksBuildPhase;
			buildActionMask = 2147483647;
			files = (
			);
			runOnlyForDeploymentPostprocessing = 0;
		};
		30C2BF3F25D6DAAD0049060B /* Frameworks */ = {
			isa = PBXFrameworksBuildPhase;
			buildActionMask = 2147483647;
			files = (
			);
			runOnlyForDeploymentPostprocessing = 0;
		};
		30C2BF4A25D6DAAD0049060B /* Frameworks */ = {
			isa = PBXFrameworksBuildPhase;
			buildActionMask = 2147483647;
			files = (
			);
			runOnlyForDeploymentPostprocessing = 0;
		};
/* End PBXFrameworksBuildPhase section */

/* Begin PBXGroup section */
		301365D425DBD5F000E8C0B4 /* TopList */ = {
			isa = PBXGroup;
			children = (
				301365EF25DBD60C00E8C0B4 /* Interactor */,
				301365F625DBD60C00E8C0B4 /* Model */,
				301365F125DBD60C00E8C0B4 /* Module */,
				301365ED25DBD60B00E8C0B4 /* Presenter */,
				301365EB25DBD60B00E8C0B4 /* Router */,
				301365F325DBD60C00E8C0B4 /* View */,
				301365E925DBD60B00E8C0B4 /* Storyboard */,
			);
			path = TopList;
			sourceTree = "<group>";
		};
		301365E925DBD60B00E8C0B4 /* Storyboard */ = {
			isa = PBXGroup;
			children = (
				301365EA25DBD60B00E8C0B4 /* TopList.storyboard */,
			);
			path = Storyboard;
			sourceTree = "<group>";
		};
		301365EB25DBD60B00E8C0B4 /* Router */ = {
			isa = PBXGroup;
			children = (
				301365EC25DBD60B00E8C0B4 /* TopList.Router.swift */,
			);
			path = Router;
			sourceTree = "<group>";
		};
		301365ED25DBD60B00E8C0B4 /* Presenter */ = {
			isa = PBXGroup;
			children = (
				301365EE25DBD60B00E8C0B4 /* TopList.Presenter.swift */,
			);
			path = Presenter;
			sourceTree = "<group>";
		};
		301365EF25DBD60C00E8C0B4 /* Interactor */ = {
			isa = PBXGroup;
			children = (
				301365F025DBD60C00E8C0B4 /* TopList.Interactor.swift */,
			);
			path = Interactor;
			sourceTree = "<group>";
		};
		301365F125DBD60C00E8C0B4 /* Module */ = {
			isa = PBXGroup;
			children = (
				301365F225DBD60C00E8C0B4 /* TopList.Module.swift */,
			);
			path = Module;
			sourceTree = "<group>";
		};
		301365F325DBD60C00E8C0B4 /* View */ = {
			isa = PBXGroup;
			children = (
				3013660825DBD93C00E8C0B4 /* Cell */,
				301365F425DBD60C00E8C0B4 /* TopListView.swift */,
				301365F525DBD60C00E8C0B4 /* TopListViewController.swift */,
			);
			path = View;
			sourceTree = "<group>";
		};
		301365F625DBD60C00E8C0B4 /* Model */ = {
			isa = PBXGroup;
			children = (
				301365F825DBD60C00E8C0B4 /* TopList.API.swift */,
				301365F725DBD60C00E8C0B4 /* TopList.Entity.swift */,
				30BC1E5025DFE54500E578D7 /* TopList.Top.swift */,
			);
			path = Model;
			sourceTree = "<group>";
		};
		3013660825DBD93C00E8C0B4 /* Cell */ = {
			isa = PBXGroup;
			children = (
				3013660925DBD94D00E8C0B4 /* TopListCell.swift */,
			);
			path = Cell;
			sourceTree = "<group>";
		};
		3013662225DBEDA500E8C0B4 /* Common */ = {
			isa = PBXGroup;
			children = (
				30BC1E5E25DFE96900E578D7 /* Interactors */,
				3013662325DBEDB400E8C0B4 /* API.swift */,
				3013662825DBEF3000E8C0B4 /* API.Parameter.swift */,
				30BC1E4125DEE24200E578D7 /* HTTP.swift */,
				30BC1E4B25DEEAC000E578D7 /* DecodableResponseParser.swift */,
				3013660E25DBD99500E8C0B4 /* DataView.swift */,
				30BC1E3C25DEE1F300E578D7 /* RequestDataProvider.swift */,
				30BC1E8325E02EC400E578D7 /* ViewWithErrorAlert.swift */,
			);
			path = Common;
			sourceTree = "<group>";
		};
		308E741525DBCE1300FD67D2 /* Extensions */ = {
			isa = PBXGroup;
			children = (
				3013661825DBE41700E8C0B4 /* HTTPURLResponseWithMimeType.swift */,
				3013661D25DBE43500E8C0B4 /* StringWithMimeType.swift */,
				30BC1E3125DED84B00E578D7 /* URLComponents.swift */,
				30BC1E8B25E02F1900E578D7 /* AlertControllerWithError.swift */,
				30BC1E9325E02F8800E578D7 /* ApplicationWithTopController.swift */,
				302908C325E2B6C600CCA456 /* ViewWithReloadTable.swift */,
				302908CB25E2BABD00CCA456 /* ViewWithRefreshLoader.swift */,
			);
			path = Extensions;
			sourceTree = "<group>";
		};
		308E741625DBCE2400FD67D2 /* Modules */ = {
			isa = PBXGroup;
			children = (
				301365D425DBD5F000E8C0B4 /* TopList */,
			);
			path = Modules;
			sourceTree = "<group>";
		};
		30BC1E5E25DFE96900E578D7 /* Interactors */ = {
			isa = PBXGroup;
			children = (
				30BC1E6025DFE97700E578D7 /* Output */,
				30BC1E5F25DFE97400E578D7 /* List */,
			);
			path = Interactors;
			sourceTree = "<group>";
		};
		30BC1E5F25DFE97400E578D7 /* List */ = {
			isa = PBXGroup;
			children = (
				30BC1E6925DFE9AC00E578D7 /* ListInteractor.swift */,
				30BC1E6E25DFE9C600E578D7 /* RefreshableListInteractor.swift */,
			);
			path = List;
			sourceTree = "<group>";
		};
		30BC1E6025DFE97700E578D7 /* Output */ = {
			isa = PBXGroup;
			children = (
				30BC1E6125DFE98A00E578D7 /* RefreshableListInteractorOutput.swift */,
			);
			path = Output;
			sourceTree = "<group>";
		};
		30C2BF2325D6DAAB0049060B = {
			isa = PBXGroup;
			children = (
				30C2BF2E25D6DAAB0049060B /* RaketaSampleCode */,
				30C2BF4525D6DAAD0049060B /* RaketaSampleCodeTests */,
				30C2BF5025D6DAAD0049060B /* RaketaSampleCodeUITests */,
				30C2BF2D25D6DAAB0049060B /* Products */,
			);
			sourceTree = "<group>";
		};
		30C2BF2D25D6DAAB0049060B /* Products */ = {
			isa = PBXGroup;
			children = (
				30C2BF2C25D6DAAB0049060B /* RaketaSampleCode.app */,
				30C2BF4225D6DAAD0049060B /* RaketaSampleCodeTests.xctest */,
				30C2BF4D25D6DAAD0049060B /* RaketaSampleCodeUITests.xctest */,
			);
			name = Products;
			sourceTree = "<group>";
		};
		30C2BF2E25D6DAAB0049060B /* RaketaSampleCode */ = {
			isa = PBXGroup;
			children = (
				3013662225DBEDA500E8C0B4 /* Common */,
				308E741625DBCE2400FD67D2 /* Modules */,
				308E741525DBCE1300FD67D2 /* Extensions */,
				30C2BF2F25D6DAAB0049060B /* AppDelegate.swift */,
				30C2BF3125D6DAAB0049060B /* SceneDelegate.swift */,
				30C2BF3325D6DAAB0049060B /* ViewController.swift */,
				30C2BF3825D6DAAC0049060B /* Assets.xcassets */,
				30C2BF3A25D6DAAC0049060B /* LaunchScreen.storyboard */,
				30C2BF3D25D6DAAC0049060B /* Info.plist */,
			);
			path = RaketaSampleCode;
			sourceTree = "<group>";
		};
		30C2BF4525D6DAAD0049060B /* RaketaSampleCodeTests */ = {
			isa = PBXGroup;
			children = (
				30C2BF4625D6DAAD0049060B /* RaketaSampleCodeTests.swift */,
				30C2BF4825D6DAAD0049060B /* Info.plist */,
			);
			path = RaketaSampleCodeTests;
			sourceTree = "<group>";
		};
		30C2BF5025D6DAAD0049060B /* RaketaSampleCodeUITests */ = {
			isa = PBXGroup;
			children = (
				30C2BF5125D6DAAD0049060B /* RaketaSampleCodeUITests.swift */,
				30C2BF5325D6DAAD0049060B /* Info.plist */,
			);
			path = RaketaSampleCodeUITests;
			sourceTree = "<group>";
		};
/* End PBXGroup section */

/* Begin PBXNativeTarget section */
		30C2BF2B25D6DAAB0049060B /* RaketaSampleCode */ = {
			isa = PBXNativeTarget;
			buildConfigurationList = 30C2BF5625D6DAAD0049060B /* Build configuration list for PBXNativeTarget "RaketaSampleCode" */;
			buildPhases = (
				30C2BF2825D6DAAB0049060B /* Sources */,
				30C2BF2925D6DAAB0049060B /* Frameworks */,
				30C2BF2A25D6DAAB0049060B /* Resources */,
			);
			buildRules = (
			);
			dependencies = (
			);
			name = RaketaSampleCode;
			productName = RaketaSampleCode;
			productReference = 30C2BF2C25D6DAAB0049060B /* RaketaSampleCode.app */;
			productType = "com.apple.product-type.application";
		};
		30C2BF4125D6DAAD0049060B /* RaketaSampleCodeTests */ = {
			isa = PBXNativeTarget;
			buildConfigurationList = 30C2BF5925D6DAAD0049060B /* Build configuration list for PBXNativeTarget "RaketaSampleCodeTests" */;
			buildPhases = (
				30C2BF3E25D6DAAD0049060B /* Sources */,
				30C2BF3F25D6DAAD0049060B /* Frameworks */,
				30C2BF4025D6DAAD0049060B /* Resources */,
			);
			buildRules = (
			);
			dependencies = (
				30C2BF4425D6DAAD0049060B /* PBXTargetDependency */,
			);
			name = RaketaSampleCodeTests;
			productName = RaketaSampleCodeTests;
			productReference = 30C2BF4225D6DAAD0049060B /* RaketaSampleCodeTests.xctest */;
			productType = "com.apple.product-type.bundle.unit-test";
		};
		30C2BF4C25D6DAAD0049060B /* RaketaSampleCodeUITests */ = {
			isa = PBXNativeTarget;
			buildConfigurationList = 30C2BF5C25D6DAAD0049060B /* Build configuration list for PBXNativeTarget "RaketaSampleCodeUITests" */;
			buildPhases = (
				30C2BF4925D6DAAD0049060B /* Sources */,
				30C2BF4A25D6DAAD0049060B /* Frameworks */,
				30C2BF4B25D6DAAD0049060B /* Resources */,
			);
			buildRules = (
			);
			dependencies = (
				30C2BF4F25D6DAAD0049060B /* PBXTargetDependency */,
			);
			name = RaketaSampleCodeUITests;
			productName = RaketaSampleCodeUITests;
			productReference = 30C2BF4D25D6DAAD0049060B /* RaketaSampleCodeUITests.xctest */;
			productType = "com.apple.product-type.bundle.ui-testing";
		};
/* End PBXNativeTarget section */

/* Begin PBXProject section */
		30C2BF2425D6DAAB0049060B /* Project object */ = {
			isa = PBXProject;
			attributes = {
				LastSwiftUpdateCheck = 1240;
				LastUpgradeCheck = 1240;
				TargetAttributes = {
					30C2BF2B25D6DAAB0049060B = {
						CreatedOnToolsVersion = 12.4;
					};
					30C2BF4125D6DAAD0049060B = {
						CreatedOnToolsVersion = 12.4;
						TestTargetID = 30C2BF2B25D6DAAB0049060B;
					};
					30C2BF4C25D6DAAD0049060B = {
						CreatedOnToolsVersion = 12.4;
						TestTargetID = 30C2BF2B25D6DAAB0049060B;
					};
				};
			};
			buildConfigurationList = 30C2BF2725D6DAAB0049060B /* Build configuration list for PBXProject "RaketaSampleCode" */;
			compatibilityVersion = "Xcode 9.3";
			developmentRegion = en;
			hasScannedForEncodings = 0;
			knownRegions = (
				en,
				Base,
			);
			mainGroup = 30C2BF2325D6DAAB0049060B;
			productRefGroup = 30C2BF2D25D6DAAB0049060B /* Products */;
			projectDirPath = "";
			projectRoot = "";
			targets = (
				30C2BF2B25D6DAAB0049060B /* RaketaSampleCode */,
				30C2BF4125D6DAAD0049060B /* RaketaSampleCodeTests */,
				30C2BF4C25D6DAAD0049060B /* RaketaSampleCodeUITests */,
			);
		};
/* End PBXProject section */

/* Begin PBXResourcesBuildPhase section */
		30C2BF2A25D6DAAB0049060B /* Resources */ = {
			isa = PBXResourcesBuildPhase;
			buildActionMask = 2147483647;
			files = (
				301365F925DBD60C00E8C0B4 /* TopList.storyboard in Resources */,
				30C2BF3C25D6DAAC0049060B /* LaunchScreen.storyboard in Resources */,
				30C2BF3925D6DAAC0049060B /* Assets.xcassets in Resources */,
			);
			runOnlyForDeploymentPostprocessing = 0;
		};
		30C2BF4025D6DAAD0049060B /* Resources */ = {
			isa = PBXResourcesBuildPhase;
			buildActionMask = 2147483647;
			files = (
			);
			runOnlyForDeploymentPostprocessing = 0;
		};
		30C2BF4B25D6DAAD0049060B /* Resources */ = {
			isa = PBXResourcesBuildPhase;
			buildActionMask = 2147483647;
			files = (
			);
			runOnlyForDeploymentPostprocessing = 0;
		};
/* End PBXResourcesBuildPhase section */

/* Begin PBXSourcesBuildPhase section */
		30C2BF2825D6DAAB0049060B /* Sources */ = {
			isa = PBXSourcesBuildPhase;
			buildActionMask = 2147483647;
			files = (
				3013661E25DBE43500E8C0B4 /* StringWithMimeType.swift in Sources */,
				301365FF25DBD60C00E8C0B4 /* TopListViewController.swift in Sources */,
				30BC1E9425E02F8800E578D7 /* ApplicationWithTopController.swift in Sources */,
				301365FB25DBD60C00E8C0B4 /* TopList.Presenter.swift in Sources */,
				301365FC25DBD60C00E8C0B4 /* TopList.Interactor.swift in Sources */,
				3013660A25DBD94D00E8C0B4 /* TopListCell.swift in Sources */,
				302908C425E2B6C600CCA456 /* ViewWithReloadTable.swift in Sources */,
				30BC1E6F25DFE9C600E578D7 /* RefreshableListInteractor.swift in Sources */,
				30C2BF3425D6DAAB0049060B /* ViewController.swift in Sources */,
				301365FA25DBD60C00E8C0B4 /* TopList.Router.swift in Sources */,
				3013660125DBD60C00E8C0B4 /* TopList.API.swift in Sources */,
				30BC1E4225DEE24200E578D7 /* HTTP.swift in Sources */,
				301365FD25DBD60C00E8C0B4 /* TopList.Module.swift in Sources */,
				30BC1E8425E02EC400E578D7 /* ViewWithErrorAlert.swift in Sources */,
				30BC1E3D25DEE1F300E578D7 /* RequestDataProvider.swift in Sources */,
				3013660F25DBD99500E8C0B4 /* DataView.swift in Sources */,
				30BC1E8C25E02F1900E578D7 /* AlertControllerWithError.swift in Sources */,
				302908CC25E2BABD00CCA456 /* ViewWithRefreshLoader.swift in Sources */,
				30BC1E3225DED84B00E578D7 /* URLComponents.swift in Sources */,
				30C2BF3025D6DAAB0049060B /* AppDelegate.swift in Sources */,
				30BC1E6225DFE98A00E578D7 /* RefreshableListInteractorOutput.swift in Sources */,
				301365FE25DBD60C00E8C0B4 /* TopListView.swift in Sources */,
				30BC1E6A25DFE9AC00E578D7 /* ListInteractor.swift in Sources */,
				30BC1E4C25DEEAC000E578D7 /* DecodableResponseParser.swift in Sources */,
				30C2BF3225D6DAAB0049060B /* SceneDelegate.swift in Sources */,
				3013661925DBE41700E8C0B4 /* HTTPURLResponseWithMimeType.swift in Sources */,
				30BC1E5125DFE54500E578D7 /* TopList.Top.swift in Sources */,
				3013662925DBEF3000E8C0B4 /* API.Parameter.swift in Sources */,
				3013662425DBEDB400E8C0B4 /* API.swift in Sources */,
				3013660025DBD60C00E8C0B4 /* TopList.Entity.swift in Sources */,
			);
			runOnlyForDeploymentPostprocessing = 0;
		};
		30C2BF3E25D6DAAD0049060B /* Sources */ = {
			isa = PBXSourcesBuildPhase;
			buildActionMask = 2147483647;
			files = (
				30C2BF4725D6DAAD0049060B /* RaketaSampleCodeTests.swift in Sources */,
			);
			runOnlyForDeploymentPostprocessing = 0;
		};
		30C2BF4925D6DAAD0049060B /* Sources */ = {
			isa = PBXSourcesBuildPhase;
			buildActionMask = 2147483647;
			files = (
				30C2BF5225D6DAAD0049060B /* RaketaSampleCodeUITests.swift in Sources */,
			);
			runOnlyForDeploymentPostprocessing = 0;
		};
/* End PBXSourcesBuildPhase section */

/* Begin PBXTargetDependency section */
		30C2BF4425D6DAAD0049060B /* PBXTargetDependency */ = {
			isa = PBXTargetDependency;
			target = 30C2BF2B25D6DAAB0049060B /* RaketaSampleCode */;
			targetProxy = 30C2BF4325D6DAAD0049060B /* PBXContainerItemProxy */;
		};
		30C2BF4F25D6DAAD0049060B /* PBXTargetDependency */ = {
			isa = PBXTargetDependency;
			target = 30C2BF2B25D6DAAB0049060B /* RaketaSampleCode */;
			targetProxy = 30C2BF4E25D6DAAD0049060B /* PBXContainerItemProxy */;
		};
/* End PBXTargetDependency section */

/* Begin PBXVariantGroup section */
		30C2BF3A25D6DAAC0049060B /* LaunchScreen.storyboard */ = {
			isa = PBXVariantGroup;
			children = (
				30C2BF3B25D6DAAC0049060B /* Base */,
			);
			name = LaunchScreen.storyboard;
			sourceTree = "<group>";
		};
/* End PBXVariantGroup section */

/* Begin XCBuildConfiguration section */
		30C2BF5425D6DAAD0049060B /* Debug */ = {
			isa = XCBuildConfiguration;
			buildSettings = {
				ALWAYS_SEARCH_USER_PATHS = NO;
				CLANG_ANALYZER_NONNULL = YES;
				CLANG_ANALYZER_NUMBER_OBJECT_CONVERSION = YES_AGGRESSIVE;
				CLANG_CXX_LANGUAGE_STANDARD = "gnu++14";
				CLANG_CXX_LIBRARY = "libc++";
				CLANG_ENABLE_MODULES = YES;
				CLANG_ENABLE_OBJC_ARC = YES;
				CLANG_ENABLE_OBJC_WEAK = YES;
				CLANG_WARN_BLOCK_CAPTURE_AUTORELEASING = YES;
				CLANG_WARN_BOOL_CONVERSION = YES;
				CLANG_WARN_COMMA = YES;
				CLANG_WARN_CONSTANT_CONVERSION = YES;
				CLANG_WARN_DEPRECATED_OBJC_IMPLEMENTATIONS = YES;
				CLANG_WARN_DIRECT_OBJC_ISA_USAGE = YES_ERROR;
				CLANG_WARN_DOCUMENTATION_COMMENTS = YES;
				CLANG_WARN_EMPTY_BODY = YES;
				CLANG_WARN_ENUM_CONVERSION = YES;
				CLANG_WARN_INFINITE_RECURSION = YES;
				CLANG_WARN_INT_CONVERSION = YES;
				CLANG_WARN_NON_LITERAL_NULL_CONVERSION = YES;
				CLANG_WARN_OBJC_IMPLICIT_RETAIN_SELF = YES;
				CLANG_WARN_OBJC_LITERAL_CONVERSION = YES;
				CLANG_WARN_OBJC_ROOT_CLASS = YES_ERROR;
				CLANG_WARN_QUOTED_INCLUDE_IN_FRAMEWORK_HEADER = YES;
				CLANG_WARN_RANGE_LOOP_ANALYSIS = YES;
				CLANG_WARN_STRICT_PROTOTYPES = YES;
				CLANG_WARN_SUSPICIOUS_MOVE = YES;
				CLANG_WARN_UNGUARDED_AVAILABILITY = YES_AGGRESSIVE;
				CLANG_WARN_UNREACHABLE_CODE = YES;
				CLANG_WARN__DUPLICATE_METHOD_MATCH = YES;
				COPY_PHASE_STRIP = NO;
				DEBUG_INFORMATION_FORMAT = dwarf;
				ENABLE_STRICT_OBJC_MSGSEND = YES;
				ENABLE_TESTABILITY = YES;
				GCC_C_LANGUAGE_STANDARD = gnu11;
				GCC_DYNAMIC_NO_PIC = NO;
				GCC_NO_COMMON_BLOCKS = YES;
				GCC_OPTIMIZATION_LEVEL = 0;
				GCC_PREPROCESSOR_DEFINITIONS = (
					"DEBUG=1",
					"$(inherited)",
				);
				GCC_WARN_64_TO_32_BIT_CONVERSION = YES;
				GCC_WARN_ABOUT_RETURN_TYPE = YES_ERROR;
				GCC_WARN_UNDECLARED_SELECTOR = YES;
				GCC_WARN_UNINITIALIZED_AUTOS = YES_AGGRESSIVE;
				GCC_WARN_UNUSED_FUNCTION = YES;
				GCC_WARN_UNUSED_VARIABLE = YES;
				IPHONEOS_DEPLOYMENT_TARGET = 14.4;
				MTL_ENABLE_DEBUG_INFO = INCLUDE_SOURCE;
				MTL_FAST_MATH = YES;
				ONLY_ACTIVE_ARCH = YES;
				SDKROOT = iphoneos;
				SWIFT_ACTIVE_COMPILATION_CONDITIONS = DEBUG;
				SWIFT_OPTIMIZATION_LEVEL = "-Onone";
			};
			name = Debug;
		};
		30C2BF5525D6DAAD0049060B /* Release */ = {
			isa = XCBuildConfiguration;
			buildSettings = {
				ALWAYS_SEARCH_USER_PATHS = NO;
				CLANG_ANALYZER_NONNULL = YES;
				CLANG_ANALYZER_NUMBER_OBJECT_CONVERSION = YES_AGGRESSIVE;
				CLANG_CXX_LANGUAGE_STANDARD = "gnu++14";
				CLANG_CXX_LIBRARY = "libc++";
				CLANG_ENABLE_MODULES = YES;
				CLANG_ENABLE_OBJC_ARC = YES;
				CLANG_ENABLE_OBJC_WEAK = YES;
				CLANG_WARN_BLOCK_CAPTURE_AUTORELEASING = YES;
				CLANG_WARN_BOOL_CONVERSION = YES;
				CLANG_WARN_COMMA = YES;
				CLANG_WARN_CONSTANT_CONVERSION = YES;
				CLANG_WARN_DEPRECATED_OBJC_IMPLEMENTATIONS = YES;
				CLANG_WARN_DIRECT_OBJC_ISA_USAGE = YES_ERROR;
				CLANG_WARN_DOCUMENTATION_COMMENTS = YES;
				CLANG_WARN_EMPTY_BODY = YES;
				CLANG_WARN_ENUM_CONVERSION = YES;
				CLANG_WARN_INFINITE_RECURSION = YES;
				CLANG_WARN_INT_CONVERSION = YES;
				CLANG_WARN_NON_LITERAL_NULL_CONVERSION = YES;
				CLANG_WARN_OBJC_IMPLICIT_RETAIN_SELF = YES;
				CLANG_WARN_OBJC_LITERAL_CONVERSION = YES;
				CLANG_WARN_OBJC_ROOT_CLASS = YES_ERROR;
				CLANG_WARN_QUOTED_INCLUDE_IN_FRAMEWORK_HEADER = YES;
				CLANG_WARN_RANGE_LOOP_ANALYSIS = YES;
				CLANG_WARN_STRICT_PROTOTYPES = YES;
				CLANG_WARN_SUSPICIOUS_MOVE = YES;
				CLANG_WARN_UNGUARDED_AVAILABILITY = YES_AGGRESSIVE;
				CLANG_WARN_UNREACHABLE_CODE = YES;
				CLANG_WARN__DUPLICATE_METHOD_MATCH = YES;
				COPY_PHASE_STRIP = NO;
				DEBUG_INFORMATION_FORMAT = "dwarf-with-dsym";
				ENABLE_NS_ASSERTIONS = NO;
				ENABLE_STRICT_OBJC_MSGSEND = YES;
				GCC_C_LANGUAGE_STANDARD = gnu11;
				GCC_NO_COMMON_BLOCKS = YES;
				GCC_WARN_64_TO_32_BIT_CONVERSION = YES;
				GCC_WARN_ABOUT_RETURN_TYPE = YES_ERROR;
				GCC_WARN_UNDECLARED_SELECTOR = YES;
				GCC_WARN_UNINITIALIZED_AUTOS = YES_AGGRESSIVE;
				GCC_WARN_UNUSED_FUNCTION = YES;
				GCC_WARN_UNUSED_VARIABLE = YES;
				IPHONEOS_DEPLOYMENT_TARGET = 14.4;
				MTL_ENABLE_DEBUG_INFO = NO;
				MTL_FAST_MATH = YES;
				SDKROOT = iphoneos;
				SWIFT_COMPILATION_MODE = wholemodule;
				SWIFT_OPTIMIZATION_LEVEL = "-O";
				VALIDATE_PRODUCT = YES;
			};
			name = Release;
		};
		30C2BF5725D6DAAD0049060B /* Debug */ = {
			isa = XCBuildConfiguration;
			buildSettings = {
				ASSETCATALOG_COMPILER_APPICON_NAME = AppIcon;
				ASSETCATALOG_COMPILER_GLOBAL_ACCENT_COLOR_NAME = AccentColor;
				CODE_SIGN_STYLE = Automatic;
				DEVELOPMENT_TEAM = T94FAS7PUN;
				INFOPLIST_FILE = RaketaSampleCode/Info.plist;
				LD_RUNPATH_SEARCH_PATHS = (
					"$(inherited)",
					"@executable_path/Frameworks",
				);
				PRODUCT_BUNDLE_IDENTIFIER = hvk.RaketaSampleCode;
				PRODUCT_NAME = "$(TARGET_NAME)";
				SWIFT_VERSION = 5.0;
				TARGETED_DEVICE_FAMILY = "1,2";
			};
			name = Debug;
		};
		30C2BF5825D6DAAD0049060B /* Release */ = {
			isa = XCBuildConfiguration;
			buildSettings = {
				ASSETCATALOG_COMPILER_APPICON_NAME = AppIcon;
				ASSETCATALOG_COMPILER_GLOBAL_ACCENT_COLOR_NAME = AccentColor;
				CODE_SIGN_STYLE = Automatic;
				DEVELOPMENT_TEAM = T94FAS7PUN;
				INFOPLIST_FILE = RaketaSampleCode/Info.plist;
				LD_RUNPATH_SEARCH_PATHS = (
					"$(inherited)",
					"@executable_path/Frameworks",
				);
				PRODUCT_BUNDLE_IDENTIFIER = hvk.RaketaSampleCode;
				PRODUCT_NAME = "$(TARGET_NAME)";
				SWIFT_VERSION = 5.0;
				TARGETED_DEVICE_FAMILY = "1,2";
			};
			name = Release;
		};
		30C2BF5A25D6DAAD0049060B /* Debug */ = {
			isa = XCBuildConfiguration;
			buildSettings = {
				ALWAYS_EMBED_SWIFT_STANDARD_LIBRARIES = YES;
				BUNDLE_LOADER = "$(TEST_HOST)";
				CODE_SIGN_STYLE = Automatic;
				INFOPLIST_FILE = RaketaSampleCodeTests/Info.plist;
				IPHONEOS_DEPLOYMENT_TARGET = 14.4;
				LD_RUNPATH_SEARCH_PATHS = (
					"$(inherited)",
					"@executable_path/Frameworks",
					"@loader_path/Frameworks",
				);
				PRODUCT_BUNDLE_IDENTIFIER = hvk.RaketaSampleCodeTests;
				PRODUCT_NAME = "$(TARGET_NAME)";
				SWIFT_VERSION = 5.0;
				TARGETED_DEVICE_FAMILY = "1,2";
				TEST_HOST = "$(BUILT_PRODUCTS_DIR)/RaketaSampleCode.app/RaketaSampleCode";
			};
			name = Debug;
		};
		30C2BF5B25D6DAAD0049060B /* Release */ = {
			isa = XCBuildConfiguration;
			buildSettings = {
				ALWAYS_EMBED_SWIFT_STANDARD_LIBRARIES = YES;
				BUNDLE_LOADER = "$(TEST_HOST)";
				CODE_SIGN_STYLE = Automatic;
				INFOPLIST_FILE = RaketaSampleCodeTests/Info.plist;
				IPHONEOS_DEPLOYMENT_TARGET = 14.4;
				LD_RUNPATH_SEARCH_PATHS = (
					"$(inherited)",
					"@executable_path/Frameworks",
					"@loader_path/Frameworks",
				);
				PRODUCT_BUNDLE_IDENTIFIER = hvk.RaketaSampleCodeTests;
				PRODUCT_NAME = "$(TARGET_NAME)";
				SWIFT_VERSION = 5.0;
				TARGETED_DEVICE_FAMILY = "1,2";
				TEST_HOST = "$(BUILT_PRODUCTS_DIR)/RaketaSampleCode.app/RaketaSampleCode";
			};
			name = Release;
		};
		30C2BF5D25D6DAAD0049060B /* Debug */ = {
			isa = XCBuildConfiguration;
			buildSettings = {
				ALWAYS_EMBED_SWIFT_STANDARD_LIBRARIES = YES;
				CODE_SIGN_STYLE = Automatic;
				INFOPLIST_FILE = RaketaSampleCodeUITests/Info.plist;
				LD_RUNPATH_SEARCH_PATHS = (
					"$(inherited)",
					"@executable_path/Frameworks",
					"@loader_path/Frameworks",
				);
				PRODUCT_BUNDLE_IDENTIFIER = hvk.RaketaSampleCodeUITests;
				PRODUCT_NAME = "$(TARGET_NAME)";
				SWIFT_VERSION = 5.0;
				TARGETED_DEVICE_FAMILY = "1,2";
				TEST_TARGET_NAME = RaketaSampleCode;
			};
			name = Debug;
		};
		30C2BF5E25D6DAAD0049060B /* Release */ = {
			isa = XCBuildConfiguration;
			buildSettings = {
				ALWAYS_EMBED_SWIFT_STANDARD_LIBRARIES = YES;
				CODE_SIGN_STYLE = Automatic;
				INFOPLIST_FILE = RaketaSampleCodeUITests/Info.plist;
				LD_RUNPATH_SEARCH_PATHS = (
					"$(inherited)",
					"@executable_path/Frameworks",
					"@loader_path/Frameworks",
				);
				PRODUCT_BUNDLE_IDENTIFIER = hvk.RaketaSampleCodeUITests;
				PRODUCT_NAME = "$(TARGET_NAME)";
				SWIFT_VERSION = 5.0;
				TARGETED_DEVICE_FAMILY = "1,2";
				TEST_TARGET_NAME = RaketaSampleCode;
			};
			name = Release;
		};
/* End XCBuildConfiguration section */

/* Begin XCConfigurationList section */
		30C2BF2725D6DAAB0049060B /* Build configuration list for PBXProject "RaketaSampleCode" */ = {
			isa = XCConfigurationList;
			buildConfigurations = (
				30C2BF5425D6DAAD0049060B /* Debug */,
				30C2BF5525D6DAAD0049060B /* Release */,
			);
			defaultConfigurationIsVisible = 0;
			defaultConfigurationName = Release;
		};
		30C2BF5625D6DAAD0049060B /* Build configuration list for PBXNativeTarget "RaketaSampleCode" */ = {
			isa = XCConfigurationList;
			buildConfigurations = (
				30C2BF5725D6DAAD0049060B /* Debug */,
				30C2BF5825D6DAAD0049060B /* Release */,
			);
			defaultConfigurationIsVisible = 0;
			defaultConfigurationName = Release;
		};
		30C2BF5925D6DAAD0049060B /* Build configuration list for PBXNativeTarget "RaketaSampleCodeTests" */ = {
			isa = XCConfigurationList;
			buildConfigurations = (
				30C2BF5A25D6DAAD0049060B /* Debug */,
				30C2BF5B25D6DAAD0049060B /* Release */,
			);
			defaultConfigurationIsVisible = 0;
			defaultConfigurationName = Release;
		};
		30C2BF5C25D6DAAD0049060B /* Build configuration list for PBXNativeTarget "RaketaSampleCodeUITests" */ = {
			isa = XCConfigurationList;
			buildConfigurations = (
				30C2BF5D25D6DAAD0049060B /* Debug */,
				30C2BF5E25D6DAAD0049060B /* Release */,
			);
			defaultConfigurationIsVisible = 0;
			defaultConfigurationName = Release;
		};
/* End XCConfigurationList section */
	};
	rootObject = 30C2BF2425D6DAAB0049060B /* Project object */;
}
